
Microsoft Visual Studio Solution File, Format Version 12.00
# Visual Studio Version 16
VisualStudioVersion = 16.0.30907.101
MinimumVisualStudioVersion = 10.0.40219.1
Project("{FAE04EC0-301F-11D3-BF4B-00C04F79EFBC}") = "CedulaBot", "CedulaBot.csproj", "{55E412BC-7B8D-4503-AF6F-80F3C30A3ABC}"
EndProject
Global
	GlobalSection(SolutionConfigurationPlatforms) = preSolution
		Debug|Any CPU = Debug|Any CPU
		Release|Any CPU = Release|Any CPU
	EndGlobalSection
	GlobalSection(ProjectConfigurationPlatforms) = postSolution
		{55E412BC-7B8D-4503-AF6F-80F3C30A3ABC}.Debug|Any CPU.ActiveCfg = Debug|Any CPU
		{55E412BC-7B8D-4503-AF6F-80F3C30A3ABC}.Debug|Any CPU.Build.0 = Debug|Any CPU
		{55E412BC-7B8D-4503-AF6F-80F3C30A3ABC}.Release|Any CPU.ActiveCfg = Release|Any CPU
		{55E412BC-7B8D-4503-AF6F-80F3C30A3ABC}.Release|Any CPU.Build.0 = Release|Any CPU
	EndGlobalSection
	GlobalSection(SolutionProperties) = preSolution
		HideSolutionNode = FALSE
	EndGlobalSection
	GlobalSection(ExtensibilityGlobals) = postSolution
		SolutionGuid = {31EF81DA-0CB0-4D01-BE6E-97CAA9771D60}
	EndGlobalSection
EndGlobal
